
Microsoft Visual Studio Solution File, Format Version 12.00
# Visual Studio Version 17
VisualStudioVersion = 17.1.32120.378
MinimumVisualStudioVersion = 10.0.40219.1
Project("{E24C65DC-7377-472B-9ABA-BC803B73C61A}") = "XEx03Quotation", ".", "{CEA1EAD8-0759-4B0F-9FEE-200661114488}"
	ProjectSection(WebsiteProperties) = preProject
		TargetFrameworkMoniker = ".NETFramework,Version%3Dv4.6.2"
		Debug.AspNetCompiler.VirtualPath = "/localhost_62131"
		Debug.AspNetCompiler.PhysicalPath = "..\XEx03Quotation\"
		Debug.AspNetCompiler.TargetPath = "PrecompiledWeb\localhost_62131\"
		Debug.AspNetCompiler.Updateable = "true"
		Debug.AspNetCompiler.ForceOverwrite = "true"
		Debug.AspNetCompiler.FixedNames = "false"
		Debug.AspNetCompiler.Debug = "True"
		Release.AspNetCompiler.VirtualPath = "/localhost_62131"
		Release.AspNetCompiler.PhysicalPath = "..\XEx03Quotation\"
		Release.AspNetCompiler.TargetPath = "PrecompiledWeb\localhost_62131\"
		Release.AspNetCompiler.Updateable = "true"
		Release.AspNetCompiler.ForceOverwrite = "true"
		Release.AspNetCompiler.FixedNames = "false"
		Release.AspNetCompiler.Debug = "False"
		VWDPort = "62131"
		SlnRelativePath = "..\XEx03Quotation\"
		DefaultWebSiteLanguage = "Visual C#"
	EndProjectSection
EndProject
Global
	GlobalSection(SolutionConfigurationPlatforms) = preSolution
		Debug|Any CPU = Debug|Any CPU
	EndGlobalSection
	GlobalSection(ProjectConfigurationPlatforms) = postSolution
		{CEA1EAD8-0759-4B0F-9FEE-200661114488}.Debug|Any CPU.ActiveCfg = Debug|Any CPU
		{CEA1EAD8-0759-4B0F-9FEE-200661114488}.Debug|Any CPU.Build.0 = Debug|Any CPU
	EndGlobalSection
	GlobalSection(SolutionProperties) = preSolution
		HideSolutionNode = FALSE
	EndGlobalSection
	GlobalSection(ExtensibilityGlobals) = postSolution
		SolutionGuid = {E8BFADB2-210A-4C02-B7F9-EAD178613614}
	EndGlobalSection
EndGlobal
